
Microsoft Visual Studio Solution File, Format Version 12.00
# Visual Studio Version 16
VisualStudioVersion = 16.0.29613.14
MinimumVisualStudioVersion = 10.0.40219.1
Project("{FAE04EC0-301F-11D3-BF4B-00C04F79EFBC}") = "MonitoringNuget", "MonitoringNuget\MonitoringNuget.csproj", "{5DE5C207-3935-4CE7-AB0F-8BBFC21D9112}"
EndProject
Project("{FAE04EC0-301F-11D3-BF4B-00C04F79EFBC}") = "MonitoringNugetTest", "MonitoringNugetTest\MonitoringNugetTest.csproj", "{1F46AB75-EB7B-4752-9DD3-4192C7EF754A}"
EndProject
Project("{FAE04EC0-301F-11D3-BF4B-00C04F79EFBC}") = "MonitoringWPF", "MonitoringWPF\MonitoringWPF.csproj", "{A328AA53-538D-44CE-9B32-956EBF927578}"
EndProject
Global
	GlobalSection(SolutionConfigurationPlatforms) = preSolution
		Debug|Any CPU = Debug|Any CPU
		Release|Any CPU = Release|Any CPU
	EndGlobalSection
	GlobalSection(ProjectConfigurationPlatforms) = postSolution
		{5DE5C207-3935-4CE7-AB0F-8BBFC21D9112}.Debug|Any CPU.ActiveCfg = Debug|Any CPU
		{5DE5C207-3935-4CE7-AB0F-8BBFC21D9112}.Debug|Any CPU.Build.0 = Debug|Any CPU
		{5DE5C207-3935-4CE7-AB0F-8BBFC21D9112}.Release|Any CPU.ActiveCfg = Release|Any CPU
		{5DE5C207-3935-4CE7-AB0F-8BBFC21D9112}.Release|Any CPU.Build.0 = Release|Any CPU
		{1F46AB75-EB7B-4752-9DD3-4192C7EF754A}.Debug|Any CPU.ActiveCfg = Debug|Any CPU
		{1F46AB75-EB7B-4752-9DD3-4192C7EF754A}.Debug|Any CPU.Build.0 = Debug|Any CPU
		{1F46AB75-EB7B-4752-9DD3-4192C7EF754A}.Release|Any CPU.ActiveCfg = Release|Any CPU
		{1F46AB75-EB7B-4752-9DD3-4192C7EF754A}.Release|Any CPU.Build.0 = Release|Any CPU
		{A328AA53-538D-44CE-9B32-956EBF927578}.Debug|Any CPU.ActiveCfg = Debug|Any CPU
		{A328AA53-538D-44CE-9B32-956EBF927578}.Debug|Any CPU.Build.0 = Debug|Any CPU
		{A328AA53-538D-44CE-9B32-956EBF927578}.Release|Any CPU.ActiveCfg = Release|Any CPU
		{A328AA53-538D-44CE-9B32-956EBF927578}.Release|Any CPU.Build.0 = Release|Any CPU
	EndGlobalSection
	GlobalSection(SolutionProperties) = preSolution
		HideSolutionNode = FALSE
	EndGlobalSection
	GlobalSection(ExtensibilityGlobals) = postSolution
		SolutionGuid = {B77AD988-47DA-478C-86E9-1E45550DAF83}
	EndGlobalSection
EndGlobal
